{
  "nodes": {
    "agenix": {
      "inputs": {
        "darwin": "darwin",
        "home-manager": "home-manager",
        "nixpkgs": [
          "nixpkgs"
        ],
        "systems": "systems"
      },
      "locked": {
        "lastModified": 1770165109,
        "narHash": "sha256-9VnK6Oqai65puVJ4WYtCTvlJeXxMzAp/69HhQuTdl/I=",
        "owner": "ryantm",
        "repo": "agenix",
        "rev": "b027ee29d959fda4b60b57566d64c98a202e0feb",
        "type": "github"
      },
      "original": {
        "owner": "ryantm",
        "repo": "agenix",
        "type": "github"
      }
    },
    "antigravity-nix": {
      "inputs": {
        "flake-utils": "flake-utils",
        "nixpkgs": [
          "nixpkgs"
        ]
      },
      "locked": {
        "lastModified": 1778594411,
        "narHash": "sha256-8tSGwvaYv5vDBojo8zLKVii6R6GzyzRXSq5o9VvOUe4=",
        "owner": "jacopone",
        "repo": "antigravity-nix",
        "rev": "a80b1bb9db5067639452dad2107504d60bfdd7ce",
        "type": "github"
      },
      "original": {
        "owner": "jacopone",
        "repo": "antigravity-nix",
        "type": "github"
      }
    },
    "brave-browser-previews": {
      "inputs": {
        "flake-utils": "flake-utils_2",
        "nixpkgs": [
          "nixpkgs"
        ]
      },
      "locked": {
        "lastModified": 1778735625,
        "narHash": "sha256-z4sMZ272xHklyIha5PlqYIWqSyA+55rG2CwuEPgqFRg=",
        "owner": "kcalvelli",
        "repo": "brave-browser-previews",
        "rev": "4d0282c9213abb9c0e2535ac0a9935ec5b5cebb9",
        "type": "github"
      },
      "original": {
        "owner": "kcalvelli",
        "repo": "brave-browser-previews",
        "type": "github"
      }
    },
    "c64term": {
      "inputs": {
        "nixpkgs": [
          "nixpkgs"
        ]
      },
      "locked": {
        "lastModified": 1768004138,
        "narHash": "sha256-QmtVUwS43sNGlXLPW1LPa6bjM2ylkobemDgPD+MEggs=",
        "owner": "kcalvelli",
        "repo": "c64term",
        "rev": "bca26a65ed2865a0dba3071e01e31e10fddfca70",
        "type": "github"
      },
      "original": {
        "owner": "kcalvelli",
        "repo": "c64term",
        "type": "github"
      }
    },
    "cairn-companion": {
      "inputs": {
        "nixpkgs": [
          "nixpkgs"
        ]
      },
      "locked": {
        "lastModified": 1777643743,
        "narHash": "sha256-ZcD5tRh6xHJtarG7RFsTu6iIZ/fu2rR7T6K5KJszcFQ=",
        "owner": "kcalvelli",
        "repo": "cairn-companion",
        "rev": "8a30fda373e1226c69d85ed2d847939c560821cd",
        "type": "github"
      },
      "original": {
        "owner": "kcalvelli",
        "repo": "cairn-companion",
        "type": "github"
      }
    },
    "cairn-dav": {
      "inputs": {
        "flake-utils": "flake-utils_3",
        "home-manager": "home-manager_2",
        "nixpkgs": [
          "nixpkgs"
        ]
      },
      "locked": {
        "lastModified": 1777483136,
        "narHash": "sha256-g74lDGWs5n4udfJ0FskcjYtHavQKXcz7/lmn5W1TG3w=",
        "owner": "kcalvelli",
        "repo": "cairn-dav",
        "rev": "9c22f9477ed989115d3993e3db866151443bbee7",
        "type": "github"
      },
      "original": {
        "owner": "kcalvelli",
        "repo": "cairn-dav",
        "type": "github"
      }
    },
    "cairn-mail": {
      "inputs": {
        "nixpkgs": [
          "nixpkgs"
        ]
      },
      "locked": {
        "lastModified": 1778512125,
        "narHash": "sha256-Oi6ejukIhazmCWiEl6N+alFPrUOxPjAi6VMZBPMVC9o=",
        "owner": "kcalvelli",
        "repo": "cairn-mail",
        "rev": "737a96abd18540bae766f8e87f88060e61db69db",
        "type": "github"
      },
      "original": {
        "owner": "kcalvelli",
        "repo": "cairn-mail",
        "type": "github"
      }
    },
    "cairn-monitor": {
      "inputs": {
        "nixpkgs": [
          "nixpkgs"
        ]
      },
      "locked": {
        "lastModified": 1776272223,
        "narHash": "sha256-3NKtDYbBFi6LNjczvQjzr74MgMpiDOELlRxRFqOU6Yo=",
        "owner": "kcalvelli",
        "repo": "cairn-monitor",
        "rev": "936ad5a898a6d4883c044424fd43a9cfc2e103cb",
        "type": "github"
      },
      "original": {
        "owner": "kcalvelli",
        "repo": "cairn-monitor",
        "type": "github"
      }
    },
    "crane": {
      "locked": {
        "lastModified": 1778106249,
        "narHash": "sha256-cM/AuKy5tMhwOOQIbha8ZRRMHVfNf7cv2aljIw+qoCg=",
        "owner": "ipetkov",
        "repo": "crane",
        "rev": "6d015ea29630b7ad2402841386da2cb617a470a7",
        "type": "github"
      },
      "original": {
        "owner": "ipetkov",
        "repo": "crane",
        "type": "github"
      }
    },
    "dankMaterialShell": {
      "inputs": {
        "flake-compat": "flake-compat",
        "nixpkgs": [
          "nixpkgs"
        ],
        "quickshell": "quickshell"
      },
      "locked": {
        "lastModified": 1778737255,
        "narHash": "sha256-LSCJBTEGg+EUch1WXBP878Ha4YHTRMod80+tkkDjvHA=",
        "owner": "AvengeMedia",
        "repo": "DankMaterialShell",
        "rev": "4bb3dd8310558ba0a9337723d58d36714fc0844b",
        "type": "github"
      },
      "original": {
        "owner": "AvengeMedia",
        "repo": "DankMaterialShell",
        "type": "github"
      }
    },
    "darwin": {
      "inputs": {
        "nixpkgs": [
          "agenix",
          "nixpkgs"
        ]
      },
      "locked": {
        "lastModified": 1744478979,
        "narHash": "sha256-dyN+teG9G82G+m+PX/aSAagkC+vUv0SgUw3XkPhQodQ=",
        "owner": "lnl7",
        "repo": "nix-darwin",
        "rev": "43975d782b418ebf4969e9ccba82466728c2851b",
        "type": "github"
      },
      "original": {
        "owner": "lnl7",
        "ref": "master",
        "repo": "nix-darwin",
        "type": "github"
      }
    },
    "devshell": {
      "inputs": {
        "nixpkgs": [
          "nixpkgs"
        ]
      },
      "locked": {
        "lastModified": 1768818222,
        "narHash": "sha256-460jc0+CZfyaO8+w8JNtlClB2n4ui1RbHfPTLkpwhU8=",
        "owner": "numtide",
        "repo": "devshell",
        "rev": "255a2b1725a20d060f566e4755dbf571bbbb5f76",
        "type": "github"
      },
      "original": {
        "owner": "numtide",
        "repo": "devshell",
        "type": "github"
      }
    },
    "dms-plugin-registry": {
      "inputs": {
        "nixpkgs": [
          "nixpkgs"
        ]
      },
      "locked": {
        "lastModified": 1778751506,
        "narHash": "sha256-1uKZUme0C7vo3KSwlttK4l/0OWB/ktabKAD7kRHR5dE=",
        "owner": "AvengeMedia",
        "repo": "dms-plugin-registry",
        "rev": "fde8456bb08af0715041451592c461af66709b70",
        "type": "github"
      },
      "original": {
        "owner": "AvengeMedia",
        "repo": "dms-plugin-registry",
        "type": "github"
      }
    },
    "dsearch": {
      "inputs": {
        "nixpkgs": [
          "nixpkgs"
        ]
      },
      "locked": {
        "lastModified": 1777084764,
        "narHash": "sha256-qSwgvkWSh8Er0TfeYfDxVC5J6ClE1ehu0wf3sxhI6xk=",
        "owner": "AvengeMedia",
        "repo": "danksearch",
        "rev": "18591ecaa4b87acb222391f9aedd2fbbef9c087f",
        "type": "github"
      },
      "original": {
        "owner": "AvengeMedia",
        "repo": "danksearch",
        "type": "github"
      }
    },
    "fenix": {
      "inputs": {
        "nixpkgs": [
          "nixpkgs"
        ],
        "rust-analyzer-src": "rust-analyzer-src"
      },
      "locked": {
        "lastModified": 1778748763,
        "narHash": "sha256-x4dC4C/GtyOGlgIAPml8SfXeHwLkG/66r7zk7ueL0OM=",
        "owner": "nix-community",
        "repo": "fenix",
        "rev": "67a701a5cb6507815a33d8f7b3466c78a7d724e7",
        "type": "github"
      },
      "original": {
        "owner": "nix-community",
        "repo": "fenix",
        "type": "github"
      }
    },
    "flake-compat": {
      "flake": false,
      "locked": {
        "lastModified": 1767039857,
        "narHash": "sha256-vNpUSpF5Nuw8xvDLj2KCwwksIbjua2LZCqhV1LNRDns=",
        "owner": "NixOS",
        "repo": "flake-compat",
        "rev": "5edf11c44bc78a0d334f6334cdaf7d60d732daab",
        "type": "github"
      },
      "original": {
        "owner": "NixOS",
        "repo": "flake-compat",
        "type": "github"
      }
    },
    "flake-compat_2": {
      "flake": false,
      "locked": {
        "lastModified": 1767039857,
        "narHash": "sha256-vNpUSpF5Nuw8xvDLj2KCwwksIbjua2LZCqhV1LNRDns=",
        "owner": "NixOS",
        "repo": "flake-compat",
        "rev": "5edf11c44bc78a0d334f6334cdaf7d60d732daab",
        "type": "github"
      },
      "original": {
        "owner": "NixOS",
        "repo": "flake-compat",
        "type": "github"
      }
    },
    "flake-compat_3": {
      "flake": false,
      "locked": {
        "lastModified": 1696426674,
        "narHash": "sha256-kvjfFW7WAETZlt09AgDn1MrtKzP7t90Vf7vypd3OL1U=",
        "owner": "edolstra",
        "repo": "flake-compat",
        "rev": "0f9255e01c2351cc7d116c072cb317785dd33b33",
        "type": "github"
      },
      "original": {
        "owner": "edolstra",
        "repo": "flake-compat",
        "type": "github"
      }
    },
    "flake-parts": {
      "inputs": {
        "nixpkgs-lib": [
          "nixpkgs"
        ]
      },
      "locked": {
        "lastModified": 1778716662,
        "narHash": "sha256-m1Yf0wZ8j1OHjTc2UwHwyQRSnNeSgLJOd7q5Y45hzi4=",
        "owner": "hercules-ci",
        "repo": "flake-parts",
        "rev": "f7c1a2d347e4c52d5fb8d10cb4d94b5884e546fb",
        "type": "github"
      },
      "original": {
        "owner": "hercules-ci",
        "repo": "flake-parts",
        "type": "github"
      }
    },
    "flake-utils": {
      "inputs": {
        "systems": "systems_2"
      },
      "locked": {
        "lastModified": 1731533236,
        "narHash": "sha256-l0KFg5HjrsfsO/JpG+r7fRrqm12kzFHyUHqHCVpMMbI=",
        "owner": "numtide",
        "repo": "flake-utils",
        "rev": "11707dc2f618dd54ca8739b309ec4fc024de578b",
        "type": "github"
      },
      "original": {
        "owner": "numtide",
        "repo": "flake-utils",
        "type": "github"
      }
    },
    "flake-utils_2": {
      "inputs": {
        "systems": "systems_3"
      },
      "locked": {
        "lastModified": 1731533236,
        "narHash": "sha256-l0KFg5HjrsfsO/JpG+r7fRrqm12kzFHyUHqHCVpMMbI=",
        "owner": "numtide",
        "repo": "flake-utils",
        "rev": "11707dc2f618dd54ca8739b309ec4fc024de578b",
        "type": "github"
      },
      "original": {
        "owner": "numtide",
        "repo": "flake-utils",
        "type": "github"
      }
    },
    "flake-utils_3": {
      "inputs": {
        "systems": "systems_4"
      },
      "locked": {
        "lastModified": 1731533236,
        "narHash": "sha256-l0KFg5HjrsfsO/JpG+r7fRrqm12kzFHyUHqHCVpMMbI=",
        "owner": "numtide",
        "repo": "flake-utils",
        "rev": "11707dc2f618dd54ca8739b309ec4fc024de578b",
        "type": "github"
      },
      "original": {
        "owner": "numtide",
        "repo": "flake-utils",
        "type": "github"
      }
    },
    "flake-utils_4": {
      "inputs": {
        "systems": [
          "systems"
        ]
      },
      "locked": {
        "lastModified": 1731533236,
        "narHash": "sha256-l0KFg5HjrsfsO/JpG+r7fRrqm12kzFHyUHqHCVpMMbI=",
        "owner": "numtide",
        "repo": "flake-utils",
        "rev": "11707dc2f618dd54ca8739b309ec4fc024de578b",
        "type": "github"
      },
      "original": {
        "owner": "numtide",
        "repo": "flake-utils",
        "type": "github"
      }
    },
    "flake-utils_5": {
      "inputs": {
        "systems": "systems_6"
      },
      "locked": {
        "lastModified": 1681202837,
        "narHash": "sha256-H+Rh19JDwRtpVPAWp64F+rlEtxUWBAQW28eAi3SRSzg=",
        "owner": "numtide",
        "repo": "flake-utils",
        "rev": "cfacdce06f30d2b68473a46042957675eebb3401",
        "type": "github"
      },
      "original": {
        "owner": "numtide",
        "repo": "flake-utils",
        "type": "github"
      }
    },
    "gitignore": {
      "inputs": {
        "nixpkgs": [
          "lanzaboote",
          "pre-commit",
          "nixpkgs"
        ]
      },
      "locked": {
        "lastModified": 1709087332,
        "narHash": "sha256-HG2cCnktfHsKV0s4XW83gU3F57gaTljL9KNSuG6bnQs=",
        "owner": "hercules-ci",
        "repo": "gitignore.nix",
        "rev": "637db329424fd7e46cf4185293b9cc8c88c95394",
        "type": "github"
      },
      "original": {
        "owner": "hercules-ci",
        "repo": "gitignore.nix",
        "type": "github"
      }
    },
    "home-manager": {
      "inputs": {
        "nixpkgs": [
          "agenix",
          "nixpkgs"
        ]
      },
      "locked": {
        "lastModified": 1745494811,
        "narHash": "sha256-YZCh2o9Ua1n9uCvrvi5pRxtuVNml8X2a03qIFfRKpFs=",
        "owner": "nix-community",
        "repo": "home-manager",
        "rev": "abfad3d2958c9e6300a883bd443512c55dfeb1be",
        "type": "github"
      },
      "original": {
        "owner": "nix-community",
        "repo": "home-manager",
        "type": "github"
      }
    },
    "home-manager_2": {
      "inputs": {
        "nixpkgs": [
          "cairn-dav",
          "nixpkgs"
        ]
      },
      "locked": {
        "lastModified": 1769187349,
        "narHash": "sha256-clG+nT6I2qxjIgk5WoSDKJyNhzKJs9jzbCujPF2S/yg=",
        "owner": "nix-community",
        "repo": "home-manager",
        "rev": "082a4cd87c6089d1d9c58ebe52655f9e07245fcb",
        "type": "github"
      },
      "original": {
        "owner": "nix-community",
        "repo": "home-manager",
        "type": "github"
      }
    },
    "home-manager_3": {
      "inputs": {
        "nixpkgs": [
          "nixpkgs"
        ]
      },
      "locked": {
        "lastModified": 1778764020,
        "narHash": "sha256-SGDbsxHy/OPPYyh7pLnWueW3HbDCOwt/XpWzlsZNUGI=",
        "owner": "nix-community",
        "repo": "home-manager",
        "rev": "4f9cbe4384e00cf2cf80e99741e93f12a67a8f32",
        "type": "github"
      },
      "original": {
        "owner": "nix-community",
        "repo": "home-manager",
        "type": "github"
      }
    },
    "lanzaboote": {
      "inputs": {
        "crane": "crane",
        "nixpkgs": [
          "nixpkgs"
        ],
        "pre-commit": "pre-commit",
        "rust-overlay": [
          "rust-overlay"
        ]
      },
      "locked": {
        "lastModified": 1778702031,
        "narHash": "sha256-HJ4e4IQz7TJ1wDmEnkowXCM6SYXF9sfYg8nmUYHCnpI=",
        "owner": "nix-community",
        "repo": "lanzaboote",
        "rev": "f11608843ca4fa95049c096ec0a50c93b41080b8",
        "type": "github"
      },
      "original": {
        "owner": "nix-community",
        "repo": "lanzaboote",
        "type": "github"
      }
    },
    "mcp-gateway": {
      "inputs": {
        "mcp-servers-nix": "mcp-servers-nix",
        "nixpkgs": [
          "nixpkgs"
        ]
      },
      "locked": {
        "lastModified": 1776346172,
        "narHash": "sha256-7fhbZbqi3TwomwtIvJK9K2nBquX1hjovAdyPUHnyTUo=",
        "owner": "kcalvelli",
        "repo": "mcp-gateway",
        "rev": "9d5860e53b88b035b4d9b0a36d99278515055623",
        "type": "github"
      },
      "original": {
        "owner": "kcalvelli",
        "repo": "mcp-gateway",
        "type": "github"
      }
    },
    "mcp-servers-nix": {
      "inputs": {
        "nixpkgs": [
          "mcp-gateway",
          "nixpkgs"
        ]
      },
      "locked": {
        "lastModified": 1768874504,
        "narHash": "sha256-uJJlU24jbuqv2Iyaep+56uLrtO5w3r1BO4wSvGGMr+o=",
        "owner": "natsukium",
        "repo": "mcp-servers-nix",
        "rev": "86387b519df7151a0b40eb50d953b16ecfcef83c",
        "type": "github"
      },
      "original": {
        "owner": "natsukium",
        "repo": "mcp-servers-nix",
        "type": "github"
      }
    },
    "mcp-servers-nix_2": {
      "inputs": {
        "nixpkgs": [
          "nixpkgs"
        ]
      },
      "locked": {
        "lastModified": 1778681441,
        "narHash": "sha256-b4PtzMjmgAZDEmehw2/CJjGUig9OW5gcUP/jMMvrUYY=",
        "owner": "natsukium",
        "repo": "mcp-servers-nix",
        "rev": "759b6ff9ea45cb4c956383a56c8614407ef5fc80",
        "type": "github"
      },
      "original": {
        "owner": "natsukium",
        "repo": "mcp-servers-nix",
        "type": "github"
      }
    },
    "niri": {
      "inputs": {
        "niri-stable": "niri-stable",
        "niri-unstable": "niri-unstable",
        "nixpkgs": [
          "nixpkgs"
        ],
        "nixpkgs-stable": [
          "nixpkgs"
        ],
        "xwayland-satellite-stable": "xwayland-satellite-stable",
        "xwayland-satellite-unstable": "xwayland-satellite-unstable"
      },
      "locked": {
        "lastModified": 1778600236,
        "narHash": "sha256-jWlIT+uKqKZoz6rNweobs/h6FfI5dKnC5OO7/3T7Tdw=",
        "owner": "sodiboo",
        "repo": "niri-flake",
        "rev": "f525d3b0a684d463dc9cf5c59359b9e67a372939",
        "type": "github"
      },
      "original": {
        "owner": "sodiboo",
        "repo": "niri-flake",
        "type": "github"
      }
    },
    "niri-stable": {
      "flake": false,
      "locked": {
        "lastModified": 1756556321,
        "narHash": "sha256-RLD89dfjN0RVO86C/Mot0T7aduCygPGaYbog566F0Qo=",
        "owner": "YaLTeR",
        "repo": "niri",
        "rev": "01be0e65f4eb91a9cd624ac0b76aaeab765c7294",
        "type": "github"
      },
      "original": {
        "owner": "YaLTeR",
        "ref": "v25.08",
        "repo": "niri",
        "type": "github"
      }
    },
    "niri-unstable": {
      "flake": false,
      "locked": {
        "lastModified": 1778389445,
        "narHash": "sha256-9NyDMVf8ydUZGTzcPcLMQf0o1B3bte/00UGbuXHNWh8=",
        "owner": "YaLTeR",
        "repo": "niri",
        "rev": "38191826cb1e5fb9051a7e141fefe4941a2b4bed",
        "type": "github"
      },
      "original": {
        "owner": "YaLTeR",
        "repo": "niri",
        "type": "github"
      }
    },
    "nixos-hardware": {
      "locked": {
        "lastModified": 1778593042,
        "narHash": "sha256-xYGrSg6354UK2K4WSQd4+TfyvfqmvFbSY+ZtGQUXK0c=",
        "owner": "NixOS",
        "repo": "nixos-hardware",
        "rev": "9bd7c80d43e258aaa607d83b43661df11444d808",
        "type": "github"
      },
      "original": {
        "owner": "NixOS",
        "ref": "master",
        "repo": "nixos-hardware",
        "type": "github"
      }
    },
    "nixpkgs": {
      "locked": {
        "lastModified": 1778672786,
        "narHash": "sha256-Blg88K1jwG+P0Mr27+rKMFCufdrWkV3wWh9AdYtz0FQ=",
        "owner": "NixOS",
        "repo": "nixpkgs",
        "rev": "eef00dfd8a712b34af845f9350bac681b1228bd1",
        "type": "github"
      },
      "original": {
        "owner": "NixOS",
        "ref": "nixpkgs-unstable",
        "repo": "nixpkgs",
        "type": "github"
      }
    },
    "openspec": {
      "inputs": {
        "nixpkgs": [
          "nixpkgs"
        ]
      },
      "locked": {
        "lastModified": 1778120451,
        "narHash": "sha256-MUSPD16+hoFBfQWYahtNLN2BIFEAlFFo2KNofrc947g=",
        "owner": "Fission-AI",
        "repo": "OpenSpec",
        "rev": "053d8a59d587f3c027a06ad80503a6b43d4f2a92",
        "type": "github"
      },
      "original": {
        "owner": "Fission-AI",
        "repo": "OpenSpec",
        "type": "github"
      }
    },
    "pre-commit": {
      "inputs": {
        "flake-compat": "flake-compat_2",
        "gitignore": "gitignore",
        "nixpkgs": [
          "lanzaboote",
          "nixpkgs"
        ]
      },
      "locked": {
        "lastModified": 1776796298,
        "narHash": "sha256-PcRvlWayisPSjd0UcRQbhG8Oqw78AcPE6x872cPRHN8=",
        "owner": "cachix",
        "repo": "pre-commit-hooks.nix",
        "rev": "3cfd774b0a530725a077e17354fbdb87ea1c4aad",
        "type": "github"
      },
      "original": {
        "owner": "cachix",
        "repo": "pre-commit-hooks.nix",
        "type": "github"
      }
    },
    "quickshell": {
      "inputs": {
        "nixpkgs": [
          "dankMaterialShell",
          "nixpkgs"
        ]
      },
      "locked": {
        "lastModified": 1776854048,
        "narHash": "sha256-lLbV66V3RMNp1l8/UelmR4YzoJ5ONtgvEtiUMJATH/o=",
        "ref": "refs/heads/master",
        "rev": "783c953987dc56ff0601abe6845ed96f1d00495a",
        "revCount": 806,
        "type": "git",
        "url": "https://git.outfoxxed.me/quickshell/quickshell"
      },
      "original": {
        "rev": "783c953987dc56ff0601abe6845ed96f1d00495a",
        "type": "git",
        "url": "https://git.outfoxxed.me/quickshell/quickshell"
      }
    },
    "quickshell_2": {
      "inputs": {
        "nixpkgs": [
          "nixpkgs"
        ]
      },
      "locked": {
        "lastModified": 1778488696,
        "narHash": "sha256-QSWgYuZUCNUJ/cxmaq83WkcT7lHQDDfsPVgH+96kIl0=",
        "owner": "quickshell-mirror",
        "repo": "quickshell",
        "rev": "7d1c9a9c6721606b129829134d6f614f015621e2",
        "type": "github"
      },
      "original": {
        "owner": "quickshell-mirror",
        "repo": "quickshell",
        "type": "github"
      }
    },
    "root": {
      "inputs": {
        "agenix": "agenix",
        "antigravity-nix": "antigravity-nix",
        "brave-browser-previews": "brave-browser-previews",
        "c64term": "c64term",
        "cairn-companion": "cairn-companion",
        "cairn-dav": "cairn-dav",
        "cairn-mail": "cairn-mail",
        "cairn-monitor": "cairn-monitor",
        "dankMaterialShell": "dankMaterialShell",
        "devshell": "devshell",
        "dms-plugin-registry": "dms-plugin-registry",
        "dsearch": "dsearch",
        "fenix": "fenix",
        "flake-parts": "flake-parts",
        "flake-utils": "flake-utils_4",
        "home-manager": "home-manager_3",
        "lanzaboote": "lanzaboote",
        "mcp-gateway": "mcp-gateway",
        "mcp-servers-nix": "mcp-servers-nix_2",
        "niri": "niri",
        "nixos-hardware": "nixos-hardware",
        "nixpkgs": "nixpkgs",
        "openspec": "openspec",
        "quickshell": "quickshell_2",
        "rust-overlay": "rust-overlay",
        "systems": "systems_5",
        "treefmt-nix": "treefmt-nix",
        "vscode-server": "vscode-server",
        "zig-overlay": "zig-overlay"
      }
    },
    "rust-analyzer-src": {
      "flake": false,
      "locked": {
        "lastModified": 1778703600,
        "narHash": "sha256-EpgXYEuDyqWKcyhO4EP/nRY+7ZnQwNDBYMVb/k06ME4=",
        "owner": "rust-lang",
        "repo": "rust-analyzer",
        "rev": "77db6109f0952f64ffc94d2e4215aa20b3d703bf",
        "type": "github"
      },
      "original": {
        "owner": "rust-lang",
        "ref": "nightly",
        "repo": "rust-analyzer",
        "type": "github"
      }
    },
    "rust-overlay": {
      "inputs": {
        "nixpkgs": [
          "nixpkgs"
        ]
      },
      "locked": {
        "lastModified": 1778728594,
        "narHash": "sha256-+gIOsOzqWNfn+ThCXBQGcLHVEnaGQW59XjghE9JUIYk=",
        "owner": "oxalica",
        "repo": "rust-overlay",
        "rev": "83a17ebffcfacb17b49e1b5e9dc15eed07936648",
        "type": "github"
      },
      "original": {
        "owner": "oxalica",
        "repo": "rust-overlay",
        "type": "github"
      }
    },
    "systems": {
      "locked": {
        "lastModified": 1681028828,
        "narHash": "sha256-Vy1rq5AaRuLzOxct8nz4T6wlgyUR7zLU309k9mBC768=",
        "owner": "nix-systems",
        "repo": "default",
        "rev": "da67096a3b9bf56a91d16901293e51ba5b49a27e",
        "type": "github"
      },
      "original": {
        "owner": "nix-systems",
        "repo": "default",
        "type": "github"
      }
    },
    "systems_2": {
      "locked": {
        "lastModified": 1681028828,
        "narHash": "sha256-Vy1rq5AaRuLzOxct8nz4T6wlgyUR7zLU309k9mBC768=",
        "owner": "nix-systems",
        "repo": "default",
        "rev": "da67096a3b9bf56a91d16901293e51ba5b49a27e",
        "type": "github"
      },
      "original": {
        "owner": "nix-systems",
        "repo": "default",
        "type": "github"
      }
    },
    "systems_3": {
      "locked": {
        "lastModified": 1681028828,
        "narHash": "sha256-Vy1rq5AaRuLzOxct8nz4T6wlgyUR7zLU309k9mBC768=",
        "owner": "nix-systems",
        "repo": "default",
        "rev": "da67096a3b9bf56a91d16901293e51ba5b49a27e",
        "type": "github"
      },
      "original": {
        "owner": "nix-systems",
        "repo": "default",
        "type": "github"
      }
    },
    "systems_4": {
      "locked": {
        "lastModified": 1681028828,
        "narHash": "sha256-Vy1rq5AaRuLzOxct8nz4T6wlgyUR7zLU309k9mBC768=",
        "owner": "nix-systems",
        "repo": "default",
        "rev": "da67096a3b9bf56a91d16901293e51ba5b49a27e",
        "type": "github"
      },
      "original": {
        "owner": "nix-systems",
        "repo": "default",
        "type": "github"
      }
    },
    "systems_5": {
      "locked": {
        "lastModified": 1680978846,
        "narHash": "sha256-Gtqg8b/v49BFDpDetjclCYXm8mAnTrUzR0JnE2nv5aw=",
        "owner": "nix-systems",
        "repo": "x86_64-linux",
        "rev": "2ecfcac5e15790ba6ce360ceccddb15ad16d08a8",
        "type": "github"
      },
      "original": {
        "owner": "nix-systems",
        "repo": "x86_64-linux",
        "type": "github"
      }
    },
    "systems_6": {
      "locked": {
        "lastModified": 1681028828,
        "narHash": "sha256-Vy1rq5AaRuLzOxct8nz4T6wlgyUR7zLU309k9mBC768=",
        "owner": "nix-systems",
        "repo": "default",
        "rev": "da67096a3b9bf56a91d16901293e51ba5b49a27e",
        "type": "github"
      },
      "original": {
        "owner": "nix-systems",
        "repo": "default",
        "type": "github"
      }
    },
    "systems_7": {
      "flake": false,
      "locked": {
        "lastModified": 1681028828,
        "narHash": "sha256-Vy1rq5AaRuLzOxct8nz4T6wlgyUR7zLU309k9mBC768=",
        "owner": "nix-systems",
        "repo": "default",
        "rev": "da67096a3b9bf56a91d16901293e51ba5b49a27e",
        "type": "github"
      },
      "original": {
        "owner": "nix-systems",
        "repo": "default",
        "type": "github"
      }
    },
    "treefmt-nix": {
      "inputs": {
        "nixpkgs": [
          "nixpkgs"
        ]
      },
      "locked": {
        "lastModified": 1775636079,
        "narHash": "sha256-pc20NRoMdiar8oPQceQT47UUZMBTiMdUuWrYu2obUP0=",
        "owner": "numtide",
        "repo": "treefmt-nix",
        "rev": "790751ff7fd3801feeaf96d7dc416a8d581265ba",
        "type": "github"
      },
      "original": {
        "owner": "numtide",
        "repo": "treefmt-nix",
        "type": "github"
      }
    },
    "vscode-server": {
      "inputs": {
        "flake-utils": "flake-utils_5",
        "nixpkgs": [
          "nixpkgs"
        ]
      },
      "locked": {
        "lastModified": 1770124655,
        "narHash": "sha256-yHmd2B13EtBUPLJ+x0EaBwNkQr9LTne1arLVxT6hSnY=",
        "owner": "nix-community",
        "repo": "nixos-vscode-server",
        "rev": "92ce71c3ba5a94f854e02d57b14af4997ab54ef0",
        "type": "github"
      },
      "original": {
        "owner": "nix-community",
        "repo": "nixos-vscode-server",
        "type": "github"
      }
    },
    "xwayland-satellite-stable": {
      "flake": false,
      "locked": {
        "lastModified": 1755491097,
        "narHash": "sha256-m+9tUfsmBeF2Gn4HWa6vSITZ4Gz1eA1F5Kh62B0N4oE=",
        "owner": "Supreeeme",
        "repo": "xwayland-satellite",
        "rev": "388d291e82ffbc73be18169d39470f340707edaa",
        "type": "github"
      },
      "original": {
        "owner": "Supreeeme",
        "ref": "v0.7",
        "repo": "xwayland-satellite",
        "type": "github"
      }
    },
    "xwayland-satellite-unstable": {
      "flake": false,
      "locked": {
        "lastModified": 1773622265,
        "narHash": "sha256-wToKwH7IgWdGLMSIWksEDs4eumR6UbbsuPQ42r0oTXQ=",
        "owner": "Supreeeme",
        "repo": "xwayland-satellite",
        "rev": "a879e5e0896a326adc79c474bf457b8b99011027",
        "type": "github"
      },
      "original": {
        "owner": "Supreeeme",
        "repo": "xwayland-satellite",
        "type": "github"
      }
    },
    "zig-overlay": {
      "inputs": {
        "flake-compat": "flake-compat_3",
        "nixpkgs": [
          "nixpkgs"
        ],
        "systems": "systems_7"
      },
      "locked": {
        "lastModified": 1778762976,
        "narHash": "sha256-/ZuCXi+C2n89mztwEp+f/OkAHMD/4IGUUujZ8WW/q0o=",
        "owner": "mitchellh",
        "repo": "zig-overlay",
        "rev": "5b4b89d060609b448df810bc55f04d003089237a",
        "type": "github"
      },
      "original": {
        "owner": "mitchellh",
        "repo": "zig-overlay",
        "type": "github"
      }
    }
  },
  "root": "root",
  "version": 7
}
