{
  "nodes": {
    "agenix": {
      "inputs": {
        "nixpkgs": [
          "nixpkgs"
        ]
      },
      "locked": {
        "lastModified": 1790734419,
        "narHash": "sha256-n7wew722m1OTBT9DOIMxNX/NF4zfsSUABAO5eW3wikE=",
        "owner": "ryantm",
        "repo": "agenix",
        "rev": "3daa710894355fa2fad8243380af373a2b4046ef",
        "type": "github"
      },
      "original": {
        "owner": "ryantm",
        "repo": "agenix",
        "type": "github"
      }
    },
    "antigravity-nix": {
      "inputs": {
        "flake-utils": "flake-utils",
        "nixpkgs": [
          "nixpkgs"
        ]
      },
      "locked": {
        "lastModified": 1791185861,
        "narHash": "sha256-C0I/K5Qs1LHiuR1MvuBqFcO9G65oitirlRzhNxhC6R4=",
        "owner": "jacopone",
        "repo": "antigravity-nix",
        "rev": "bedafaef31f762fffaaa2b050a122c06d3c7a7ad",
        "type": "github"
      },
      "original": {
        "owner": "jacopone",
        "repo": "antigravity-nix",
        "type": "github"
      }
    },
    "brave-browser-previews": {
      "inputs": {
        "flake-utils": "flake-utils_2",
        "nixpkgs": [
          "nixpkgs"
        ]
      },
      "locked": {
        "lastModified": 1791197767,
        "narHash": "sha256-HOBtkHcJx1tgD4J/iQUH37oibSbxmyyFVKDM+8FMfQY=",
        "owner": "kcalvelli",
        "repo": "brave-browser-previews",
        "rev": "90af7bbf096cc87d394140e2b24d5adb184510d0",
        "type": "github"
      },
      "original": {
        "owner": "kcalvelli",
        "repo": "brave-browser-previews",
        "type": "github"
      }
    },
    "c64term": {
      "inputs": {
        "nixpkgs": [
          "nixpkgs"
        ]
      },
      "locked": {
        "lastModified": 1768004138,
        "narHash": "sha256-QmtVUwS43sNGlXLPW1LPa6bjM2ylkobemDgPD+MEggs=",
        "owner": "kcalvelli",
        "repo": "c64term",
        "rev": "bca26a65ed2865a0dba3071e01e31e10fddfca70",
        "type": "github"
      },
      "original": {
        "owner": "kcalvelli",
        "repo": "c64term",
        "type": "github"
      }
    },
    "cairn-companion": {
      "inputs": {
        "nixpkgs": [
          "nixpkgs"
        ]
      },
      "locked": {
        "lastModified": 1787598910,
        "narHash": "sha256-2Og2NBE7YVSg/6rt41pR5qUnEOjMaj28ITk4XyFtdhU=",
        "owner": "kcalvelli",
        "repo": "cairn-companion",
        "rev": "0b089e59e38a4ae1d7c83f629900167749d58f3b",
        "type": "github"
      },
      "original": {
        "owner": "kcalvelli",
        "repo": "cairn-companion",
        "type": "github"
      }
    },
    "cairn-dav": {
      "inputs": {
        "flake-utils": "flake-utils_3",
        "home-manager": "home-manager",
        "nixpkgs": [
          "nixpkgs"
        ]
      },
      "locked": {
        "lastModified": 1777483136,
        "narHash": "sha256-g74lDGWs5n4udfJ0FskcjYtHavQKXcz7/lmn5W1TG3w=",
        "owner": "kcalvelli",
        "repo": "cairn-dav",
        "rev": "9c22f9477ed989115d3993e3db866151443bbee7",
        "type": "github"
      },
      "original": {
        "owner": "kcalvelli",
        "repo": "cairn-dav",
        "type": "github"
      }
    },
    "cairn-mail": {
      "inputs": {
        "nixpkgs": [
          "nixpkgs"
        ]
      },
      "locked": {
        "lastModified": 1786650423,
        "narHash": "sha256-JMm8Lfx2WUJjEemDviAinb7kGCpHrCL3WihBUyIpmO0=",
        "owner": "kcalvelli",
        "repo": "cairn-mail",
        "rev": "9ae6d6c7af80c941a7b3cd2f8fb154849629b02c",
        "type": "github"
      },
      "original": {
        "owner": "kcalvelli",
        "repo": "cairn-mail",
        "type": "github"
      }
    },
    "cairn-monitor": {
      "inputs": {
        "nixpkgs": [
          "nixpkgs"
        ]
      },
      "locked": {
        "lastModified": 1776272223,
        "narHash": "sha256-3NKtDYbBFi6LNjczvQjzr74MgMpiDOELlRxRFqOU6Yo=",
        "owner": "kcalvelli",
        "repo": "cairn-monitor",
        "rev": "936ad5a898a6d4883c044424fd43a9cfc2e103cb",
        "type": "github"
      },
      "original": {
        "owner": "kcalvelli",
        "repo": "cairn-monitor",
        "type": "github"
      }
    },
    "crane": {
      "locked": {
        "lastModified": 1789760033,
        "narHash": "sha256-jtT4yxZpR8seYnlCMMWSSPlFN92zO6ICuZ8pJrmi86k=",
        "owner": "ipetkov",
        "repo": "crane",
        "rev": "73b980519cefc727a5f6cc8e5c0947a2f9be6edd",
        "type": "github"
      },
      "original": {
        "owner": "ipetkov",
        "repo": "crane",
        "type": "github"
      }
    },
    "dank-greeter": {
      "inputs": {
        "dank-qml-common": "dank-qml-common",
        "nixpkgs": [
          "nixpkgs"
        ]
      },
      "locked": {
        "lastModified": 1791169196,
        "narHash": "sha256-6ZTVjvbZ2K0ph+Ez3JvobLvSaL2HEOes+ZINU+2Nwsk=",
        "owner": "AvengeMedia",
        "repo": "dank-greeter",
        "rev": "89ad6d98ba7d47149046a66ac3fe7ea1d3deaf8f",
        "type": "github"
      },
      "original": {
        "owner": "AvengeMedia",
        "repo": "dank-greeter",
        "type": "github"
      }
    },
    "dank-qml-common": {
      "flake": false,
      "locked": {
        "lastModified": 1791168560,
        "narHash": "sha256-9D1UUgi8+Q2+wrfCkjYL8bwzH4zXxut5MAUoad6wqpM=",
        "owner": "AvengeMedia",
        "repo": "dank-qml-common",
        "rev": "a2a6b63d1dd49a108044a8d0fd79990646609ddf",
        "type": "github"
      },
      "original": {
        "owner": "AvengeMedia",
        "repo": "dank-qml-common",
        "type": "github"
      }
    },
    "dank-qml-common_2": {
      "flake": false,
      "locked": {
        "lastModified": 1791175135,
        "narHash": "sha256-6zfRzYEdm+Oy8AIQEV0z9Qc761c5cGMFqJSo/kt2gPY=",
        "owner": "AvengeMedia",
        "repo": "dank-qml-common",
        "rev": "3a56e88ac7a730497d8afed423f18fda229a1e56",
        "type": "github"
      },
      "original": {
        "owner": "AvengeMedia",
        "repo": "dank-qml-common",
        "type": "github"
      }
    },
    "dankMaterialShell": {
      "inputs": {
        "dank-qml-common": "dank-qml-common_2",
        "flake-compat": "flake-compat",
        "nixpkgs": [
          "nixpkgs"
        ]
      },
      "locked": {
        "lastModified": 1791183611,
        "narHash": "sha256-Iccnk4uEU1D01W6dnQbqigi4KJgGmwNXR7aTIx5d5gM=",
        "owner": "AvengeMedia",
        "repo": "DankMaterialShell",
        "rev": "d8113d2a0289d7fb4b074207d3e08fb22e1b6843",
        "type": "github"
      },
      "original": {
        "owner": "AvengeMedia",
        "repo": "DankMaterialShell",
        "type": "github"
      }
    },
    "devshell": {
      "inputs": {
        "nixpkgs": [
          "nixpkgs"
        ]
      },
      "locked": {
        "lastModified": 1788342953,
        "narHash": "sha256-EWkNM4JzBhZ/Yn1PG6lP4/QJuFAFeHYlY5gVxXu940Y=",
        "owner": "numtide",
        "repo": "devshell",
        "rev": "a67c0f87b63bcbdbdcb56785bec0205a2e3d6026",
        "type": "github"
      },
      "original": {
        "owner": "numtide",
        "repo": "devshell",
        "type": "github"
      }
    },
    "dms-plugin-registry": {
      "inputs": {
        "nixpkgs": [
          "nixpkgs"
        ]
      },
      "locked": {
        "lastModified": 1791169826,
        "narHash": "sha256-pVPQXqdswA93w371AEEbC0qeXCdJLElewOSmxR3DmUU=",
        "owner": "AvengeMedia",
        "repo": "dms-plugin-registry",
        "rev": "32a6170c68c7488540acae4ea7608b0275c946ef",
        "type": "github"
      },
      "original": {
        "owner": "AvengeMedia",
        "repo": "dms-plugin-registry",
        "type": "github"
      }
    },
    "dsearch": {
      "inputs": {
        "nixpkgs": [
          "nixpkgs"
        ]
      },
      "locked": {
        "lastModified": 1788455393,
        "narHash": "sha256-C9mVxnPCaA6mtz8H5GwMfBjOdhLRmXrpzcDc7z99iOo=",
        "owner": "AvengeMedia",
        "repo": "danksearch",
        "rev": "984f86e644a93d2a366d960e3c56233260a501de",
        "type": "github"
      },
      "original": {
        "owner": "AvengeMedia",
        "repo": "danksearch",
        "type": "github"
      }
    },
    "fenix": {
      "inputs": {
        "nixpkgs": [
          "nixpkgs"
        ],
        "rust-analyzer-src": "rust-analyzer-src"
      },
      "locked": {
        "lastModified": 1791115502,
        "narHash": "sha256-aVTOHyf6BmkMvHThIerMWfUyNe1uCb99rBtWidWeHOE=",
        "owner": "nix-community",
        "repo": "fenix",
        "rev": "6598f619e53297ea2328ddd40d431c7bc41f7bc1",
        "type": "github"
      },
      "original": {
        "owner": "nix-community",
        "repo": "fenix",
        "type": "github"
      }
    },
    "flake-compat": {
      "flake": false,
      "locked": {
        "lastModified": 1767039857,
        "narHash": "sha256-vNpUSpF5Nuw8xvDLj2KCwwksIbjua2LZCqhV1LNRDns=",
        "owner": "NixOS",
        "repo": "flake-compat",
        "rev": "5edf11c44bc78a0d334f6334cdaf7d60d732daab",
        "type": "github"
      },
      "original": {
        "owner": "NixOS",
        "repo": "flake-compat",
        "type": "github"
      }
    },
    "flake-compat_2": {
      "flake": false,
      "locked": {
        "lastModified": 1767039857,
        "narHash": "sha256-vNpUSpF5Nuw8xvDLj2KCwwksIbjua2LZCqhV1LNRDns=",
        "owner": "NixOS",
        "repo": "flake-compat",
        "rev": "5edf11c44bc78a0d334f6334cdaf7d60d732daab",
        "type": "github"
      },
      "original": {
        "owner": "NixOS",
        "repo": "flake-compat",
        "type": "github"
      }
    },
    "flake-compat_3": {
      "flake": false,
      "locked": {
        "lastModified": 1696426674,
        "narHash": "sha256-kvjfFW7WAETZlt09AgDn1MrtKzP7t90Vf7vypd3OL1U=",
        "owner": "edolstra",
        "repo": "flake-compat",
        "rev": "0f9255e01c2351cc7d116c072cb317785dd33b33",
        "type": "github"
      },
      "original": {
        "owner": "edolstra",
        "repo": "flake-compat",
        "type": "github"
      }
    },
    "flake-parts": {
      "inputs": {
        "nixpkgs-lib": [
          "nixpkgs"
        ]
      },
      "locked": {
        "lastModified": 1790898470,
        "narHash": "sha256-zTwuwezD0w3hpga6a6P8emidzAZFyWqlNeRBlpWOOl8=",
        "owner": "hercules-ci",
        "repo": "flake-parts",
        "rev": "024633cd702b10285db5cb19b40ad48d2399ba60",
        "type": "github"
      },
      "original": {
        "owner": "hercules-ci",
        "repo": "flake-parts",
        "type": "github"
      }
    },
    "flake-utils": {
      "inputs": {
        "systems": "systems"
      },
      "locked": {
        "lastModified": 1731533236,
        "narHash": "sha256-l0KFg5HjrsfsO/JpG+r7fRrqm12kzFHyUHqHCVpMMbI=",
        "owner": "numtide",
        "repo": "flake-utils",
        "rev": "11707dc2f618dd54ca8739b309ec4fc024de578b",
        "type": "github"
      },
      "original": {
        "owner": "numtide",
        "repo": "flake-utils",
        "type": "github"
      }
    },
    "flake-utils_2": {
      "inputs": {
        "systems": "systems_2"
      },
      "locked": {
        "lastModified": 1731533236,
        "narHash": "sha256-l0KFg5HjrsfsO/JpG+r7fRrqm12kzFHyUHqHCVpMMbI=",
        "owner": "numtide",
        "repo": "flake-utils",
        "rev": "11707dc2f618dd54ca8739b309ec4fc024de578b",
        "type": "github"
      },
      "original": {
        "owner": "numtide",
        "repo": "flake-utils",
        "type": "github"
      }
    },
    "flake-utils_3": {
      "inputs": {
        "systems": "systems_3"
      },
      "locked": {
        "lastModified": 1731533236,
        "narHash": "sha256-l0KFg5HjrsfsO/JpG+r7fRrqm12kzFHyUHqHCVpMMbI=",
        "owner": "numtide",
        "repo": "flake-utils",
        "rev": "11707dc2f618dd54ca8739b309ec4fc024de578b",
        "type": "github"
      },
      "original": {
        "owner": "numtide",
        "repo": "flake-utils",
        "type": "github"
      }
    },
    "flake-utils_4": {
      "inputs": {
        "systems": [
          "systems"
        ]
      },
      "locked": {
        "lastModified": 1731533236,
        "narHash": "sha256-l0KFg5HjrsfsO/JpG+r7fRrqm12kzFHyUHqHCVpMMbI=",
        "owner": "numtide",
        "repo": "flake-utils",
        "rev": "11707dc2f618dd54ca8739b309ec4fc024de578b",
        "type": "github"
      },
      "original": {
        "owner": "numtide",
        "repo": "flake-utils",
        "type": "github"
      }
    },
    "home-manager": {
      "inputs": {
        "nixpkgs": [
          "cairn-dav",
          "nixpkgs"
        ]
      },
      "locked": {
        "lastModified": 1769187349,
        "narHash": "sha256-clG+nT6I2qxjIgk5WoSDKJyNhzKJs9jzbCujPF2S/yg=",
        "owner": "nix-community",
        "repo": "home-manager",
        "rev": "082a4cd87c6089d1d9c58ebe52655f9e07245fcb",
        "type": "github"
      },
      "original": {
        "owner": "nix-community",
        "repo": "home-manager",
        "type": "github"
      }
    },
    "home-manager_2": {
      "inputs": {
        "nixpkgs": [
          "nixpkgs"
        ]
      },
      "locked": {
        "lastModified": 1791163078,
        "narHash": "sha256-DiuwfdoZtEqVRsWuAhXcHa+cfvkr0t/xWW8ugkcxNyI=",
        "owner": "nix-community",
        "repo": "home-manager",
        "rev": "f53f3267f5d009dd8f99443505e609389d7ff267",
        "type": "github"
      },
      "original": {
        "owner": "nix-community",
        "repo": "home-manager",
        "type": "github"
      }
    },
    "lanzaboote": {
      "inputs": {
        "crane": "crane",
        "nixpkgs": [
          "nixpkgs"
        ],
        "pre-commit": "pre-commit",
        "rust-overlay": [
          "rust-overlay"
        ]
      },
      "locked": {
        "lastModified": 1790853984,
        "narHash": "sha256-v5+DBEGnMC6phAf+/Rt7EtxjIDzy+NMKdHJIFJGh5qc=",
        "owner": "nix-community",
        "repo": "lanzaboote",
        "rev": "ba33415d747d8dedd2931af107521634f1f2e8a8",
        "type": "github"
      },
      "original": {
        "owner": "nix-community",
        "repo": "lanzaboote",
        "type": "github"
      }
    },
    "mcp-gateway": {
      "inputs": {
        "mcp-servers-nix": "mcp-servers-nix",
        "nixpkgs": [
          "nixpkgs"
        ]
      },
      "locked": {
        "lastModified": 1779378042,
        "narHash": "sha256-WK9R+RkpqzpVp7TfhU/ZhY4uLUL0HfpuZiu/LDCbzcs=",
        "owner": "kcalvelli",
        "repo": "mcp-gateway",
        "rev": "c0bbbbaebd2344b3abaa2801b55ef5c7c701165a",
        "type": "github"
      },
      "original": {
        "owner": "kcalvelli",
        "repo": "mcp-gateway",
        "type": "github"
      }
    },
    "mcp-servers-nix": {
      "inputs": {
        "nixpkgs": [
          "mcp-gateway",
          "nixpkgs"
        ]
      },
      "locked": {
        "lastModified": 1768874504,
        "narHash": "sha256-uJJlU24jbuqv2Iyaep+56uLrtO5w3r1BO4wSvGGMr+o=",
        "owner": "natsukium",
        "repo": "mcp-servers-nix",
        "rev": "86387b519df7151a0b40eb50d953b16ecfcef83c",
        "type": "github"
      },
      "original": {
        "owner": "natsukium",
        "repo": "mcp-servers-nix",
        "type": "github"
      }
    },
    "mcp-servers-nix_2": {
      "inputs": {
        "nixpkgs": [
          "nixpkgs"
        ]
      },
      "locked": {
        "lastModified": 1791088742,
        "narHash": "sha256-9r1TEuNttaWH5rOFFxAf0Yqcc7tkZRPHxwsiYd7Rijc=",
        "owner": "natsukium",
        "repo": "mcp-servers-nix",
        "rev": "de243d9cb267e96502b90630012c12e4bdeda090",
        "type": "github"
      },
      "original": {
        "owner": "natsukium",
        "repo": "mcp-servers-nix",
        "type": "github"
      }
    },
    "niri": {
      "inputs": {
        "niri-stable": "niri-stable",
        "niri-unstable": "niri-unstable",
        "nixpkgs": [
          "nixpkgs"
        ],
        "nixpkgs-stable": [
          "nixpkgs"
        ],
        "xwayland-satellite-stable": "xwayland-satellite-stable",
        "xwayland-satellite-unstable": "xwayland-satellite-unstable"
      },
      "locked": {
        "lastModified": 1785857305,
        "narHash": "sha256-25q05zpF1sqOCxPPUG9DPPGd+EDW7SiAOWCzBWRS7r0=",
        "owner": "sodiboo",
        "repo": "niri-flake",
        "rev": "9ee3e13b60643448228353097880521658b2fe0e",
        "type": "github"
      },
      "original": {
        "owner": "sodiboo",
        "repo": "niri-flake",
        "type": "github"
      }
    },
    "niri-stable": {
      "flake": false,
      "locked": {
        "lastModified": 1756556321,
        "narHash": "sha256-RLD89dfjN0RVO86C/Mot0T7aduCygPGaYbog566F0Qo=",
        "owner": "YaLTeR",
        "repo": "niri",
        "rev": "01be0e65f4eb91a9cd624ac0b76aaeab765c7294",
        "type": "github"
      },
      "original": {
        "owner": "YaLTeR",
        "ref": "v25.08",
        "repo": "niri",
        "type": "github"
      }
    },
    "niri-unstable": {
      "flake": false,
      "locked": {
        "lastModified": 1785701241,
        "narHash": "sha256-ircVOzPWRircI39ac/tqJajr5OoJxEVrDlBb05TULEk=",
        "owner": "YaLTeR",
        "repo": "niri",
        "rev": "feb3e43f1475e0865bb89cbd1e898b34d1d2ccf6",
        "type": "github"
      },
      "original": {
        "owner": "YaLTeR",
        "repo": "niri",
        "type": "github"
      }
    },
    "nixos-hardware": {
      "inputs": {
        "nixpkgs": "nixpkgs"
      },
      "locked": {
        "lastModified": 1791128201,
        "narHash": "sha256-rlsYY/Dg/LhbIj51Aa6TLvRpZeb3KZgUTd7llQ5XcJE=",
        "owner": "NixOS",
        "repo": "nixos-hardware",
        "rev": "31cc5f4d9b9ba601071e8b8504601b9b176e2756",
        "type": "github"
      },
      "original": {
        "owner": "NixOS",
        "ref": "master",
        "repo": "nixos-hardware",
        "type": "github"
      }
    },
    "nixpkgs": {
      "locked": {
        "lastModified": 1789546076,
        "narHash": "sha256-vWkSk5bbfTqdtMoSgD9FshACO8JCvXTFi+3cqEp0mH0=",
        "rev": "b1b875982b17dabde9b4a37f3e229e74913e6db3",
        "type": "tarball",
        "url": "https://releases.nixos.org/nixos/unstable/nixos-26.11pre1074753.b1b875982b17/nixexprs.tar.xz"
      },
      "original": {
        "type": "tarball",
        "url": "https://channels.nixos.org/nixos-unstable/nixexprs.tar.xz"
      }
    },
    "nixpkgs_2": {
      "locked": {
        "lastModified": 1791130267,
        "narHash": "sha256-1sjwcQMcgAbmiip/VivBSiK8p2bTkQGOvCuO7vnwfx4=",
        "owner": "NixOS",
        "repo": "nixpkgs",
        "rev": "9013764fcc0ea99fa16cf7aa7decf8a5c3889dd2",
        "type": "github"
      },
      "original": {
        "owner": "NixOS",
        "ref": "nixpkgs-unstable",
        "repo": "nixpkgs",
        "type": "github"
      }
    },
    "pre-commit": {
      "inputs": {
        "flake-compat": "flake-compat_2",
        "nixpkgs": [
          "lanzaboote",
          "nixpkgs"
        ]
      },
      "locked": {
        "lastModified": 1790500375,
        "narHash": "sha256-XN3sDtn8TU9hAc9xqZ+SqRB/HHm2wjxM6aSWYLJU+oo=",
        "owner": "cachix",
        "repo": "git-hooks.nix",
        "rev": "a0e4241b51206fbcbf52fd322eb5f0cd80f153c4",
        "type": "github"
      },
      "original": {
        "owner": "cachix",
        "repo": "git-hooks.nix",
        "type": "github"
      }
    },
    "quickshell": {
      "inputs": {
        "nixpkgs": [
          "nixpkgs"
        ]
      },
      "locked": {
        "lastModified": 1791027806,
        "narHash": "sha256-uPP+R90C7CagG4H9ibYaC0kYLu7lzC/5I6g+yFMuyu8=",
        "owner": "quickshell-mirror",
        "repo": "quickshell",
        "rev": "5d5d49873fe8cf1f99ddfd5006ceb2057c5c9b13",
        "type": "github"
      },
      "original": {
        "owner": "quickshell-mirror",
        "repo": "quickshell",
        "type": "github"
      }
    },
    "root": {
      "inputs": {
        "agenix": "agenix",
        "antigravity-nix": "antigravity-nix",
        "brave-browser-previews": "brave-browser-previews",
        "c64term": "c64term",
        "cairn-companion": "cairn-companion",
        "cairn-dav": "cairn-dav",
        "cairn-mail": "cairn-mail",
        "cairn-monitor": "cairn-monitor",
        "dank-greeter": "dank-greeter",
        "dankMaterialShell": "dankMaterialShell",
        "devshell": "devshell",
        "dms-plugin-registry": "dms-plugin-registry",
        "dsearch": "dsearch",
        "fenix": "fenix",
        "flake-parts": "flake-parts",
        "flake-utils": "flake-utils_4",
        "home-manager": "home-manager_2",
        "lanzaboote": "lanzaboote",
        "mcp-gateway": "mcp-gateway",
        "mcp-servers-nix": "mcp-servers-nix_2",
        "niri": "niri",
        "nixos-hardware": "nixos-hardware",
        "nixpkgs": "nixpkgs_2",
        "quickshell": "quickshell",
        "rust-overlay": "rust-overlay",
        "systems": "systems_4",
        "treefmt-nix": "treefmt-nix",
        "zig-overlay": "zig-overlay"
      }
    },
    "rust-analyzer-src": {
      "flake": false,
      "locked": {
        "lastModified": 1790991460,
        "narHash": "sha256-88lguqQwNBIQAd7hzxFMMg4LaPiJuvBTTbyCDDltGiQ=",
        "owner": "rust-lang",
        "repo": "rust-analyzer",
        "rev": "3332931d313fad08166571c05d7237d3a4d77ac2",
        "type": "github"
      },
      "original": {
        "owner": "rust-lang",
        "ref": "nightly",
        "repo": "rust-analyzer",
        "type": "github"
      }
    },
    "rust-overlay": {
      "inputs": {
        "nixpkgs": [
          "nixpkgs"
        ]
      },
      "locked": {
        "lastModified": 1791189933,
        "narHash": "sha256-Y8eN7ki0Urx4Ojf4w1xSpWg8uk/3lJqK+E0Oth77rH0=",
        "owner": "oxalica",
        "repo": "rust-overlay",
        "rev": "e60029353d0c48d216bc4b065168ccd4079c166f",
        "type": "github"
      },
      "original": {
        "owner": "oxalica",
        "repo": "rust-overlay",
        "type": "github"
      }
    },
    "systems": {
      "locked": {
        "lastModified": 1681028828,
        "narHash": "sha256-Vy1rq5AaRuLzOxct8nz4T6wlgyUR7zLU309k9mBC768=",
        "owner": "nix-systems",
        "repo": "default",
        "rev": "da67096a3b9bf56a91d16901293e51ba5b49a27e",
        "type": "github"
      },
      "original": {
        "owner": "nix-systems",
        "repo": "default",
        "type": "github"
      }
    },
    "systems_2": {
      "locked": {
        "lastModified": 1681028828,
        "narHash": "sha256-Vy1rq5AaRuLzOxct8nz4T6wlgyUR7zLU309k9mBC768=",
        "owner": "nix-systems",
        "repo": "default",
        "rev": "da67096a3b9bf56a91d16901293e51ba5b49a27e",
        "type": "github"
      },
      "original": {
        "owner": "nix-systems",
        "repo": "default",
        "type": "github"
      }
    },
    "systems_3": {
      "locked": {
        "lastModified": 1681028828,
        "narHash": "sha256-Vy1rq5AaRuLzOxct8nz4T6wlgyUR7zLU309k9mBC768=",
        "owner": "nix-systems",
        "repo": "default",
        "rev": "da67096a3b9bf56a91d16901293e51ba5b49a27e",
        "type": "github"
      },
      "original": {
        "owner": "nix-systems",
        "repo": "default",
        "type": "github"
      }
    },
    "systems_4": {
      "locked": {
        "lastModified": 1680978846,
        "narHash": "sha256-Gtqg8b/v49BFDpDetjclCYXm8mAnTrUzR0JnE2nv5aw=",
        "owner": "nix-systems",
        "repo": "x86_64-linux",
        "rev": "2ecfcac5e15790ba6ce360ceccddb15ad16d08a8",
        "type": "github"
      },
      "original": {
        "owner": "nix-systems",
        "repo": "x86_64-linux",
        "type": "github"
      }
    },
    "systems_5": {
      "flake": false,
      "locked": {
        "lastModified": 1681028828,
        "narHash": "sha256-Vy1rq5AaRuLzOxct8nz4T6wlgyUR7zLU309k9mBC768=",
        "owner": "nix-systems",
        "repo": "default",
        "rev": "da67096a3b9bf56a91d16901293e51ba5b49a27e",
        "type": "github"
      },
      "original": {
        "owner": "nix-systems",
        "repo": "default",
        "type": "github"
      }
    },
    "treefmt-nix": {
      "inputs": {
        "nixpkgs": [
          "nixpkgs"
        ]
      },
      "locked": {
        "lastModified": 1791203292,
        "narHash": "sha256-vuzVwvjeucSnwKwMBpyP8r5IzdrMKCHEdwTrRFwUN7I=",
        "owner": "numtide",
        "repo": "treefmt-nix",
        "rev": "03d8ee1bcbc8f9638907bb79edb9673151d0e22b",
        "type": "github"
      },
      "original": {
        "owner": "numtide",
        "repo": "treefmt-nix",
        "type": "github"
      }
    },
    "xwayland-satellite-stable": {
      "flake": false,
      "locked": {
        "lastModified": 1755491097,
        "narHash": "sha256-m+9tUfsmBeF2Gn4HWa6vSITZ4Gz1eA1F5Kh62B0N4oE=",
        "owner": "Supreeeme",
        "repo": "xwayland-satellite",
        "rev": "388d291e82ffbc73be18169d39470f340707edaa",
        "type": "github"
      },
      "original": {
        "owner": "Supreeeme",
        "ref": "v0.7",
        "repo": "xwayland-satellite",
        "type": "github"
      }
    },
    "xwayland-satellite-unstable": {
      "flake": false,
      "locked": {
        "lastModified": 1784679892,
        "narHash": "sha256-Mb7jpqnrcYCfNSItIkkHpuR3YxWFxPuIBfcwNKlRBkk=",
        "owner": "Supreeeme",
        "repo": "xwayland-satellite",
        "rev": "8d135d3b2854b30fd01ea6cd6c27e523dd50a839",
        "type": "github"
      },
      "original": {
        "owner": "Supreeeme",
        "repo": "xwayland-satellite",
        "type": "github"
      }
    },
    "zig-overlay": {
      "inputs": {
        "flake-compat": "flake-compat_3",
        "nixpkgs": [
          "nixpkgs"
        ],
        "systems": "systems_5"
      },
      "locked": {
        "lastModified": 1791203550,
        "narHash": "sha256-0Jdw5D2J3fhC5O7OV6UjOHqXPEFNkeWKDgVr4FB/Rk0=",
        "owner": "mitchellh",
        "repo": "zig-overlay",
        "rev": "921aa97003204cd80cb01aff4c129c2645936084",
        "type": "github"
      },
      "original": {
        "owner": "mitchellh",
        "repo": "zig-overlay",
        "type": "github"
      }
    }
  },
  "root": "root",
  "version": 7
}
